
Microsoft Visual Studio Solution File, Format Version 12.00
# Visual Studio Version 17
VisualStudioVersion = 17.14.36804.6
MinimumVisualStudioVersion = 10.0.40219.1
Project("{FAE04EC0-301F-11D3-BF4B-00C04F79EFBC}") = "Ecommerce.API", "Ecommerce.API\Ecommerce.API.csproj", "{8F0BF9CE-7586-4449-87FD-F8D09446F74E}"
EndProject
Project("{FAE04EC0-301F-11D3-BF4B-00C04F79EFBC}") = "Ecommerce.Infrastructure", "Ecommerce.Infrastructure\Ecommerce.Infrastructure.csproj", "{51F2B71A-FCDD-4183-BF9E-53BE0E992ABA}"
EndProject
Project("{FAE04EC0-301F-11D3-BF4B-00C04F79EFBC}") = "Ecommerce.Domain", "Ecommerce.Domain\Ecommerce.Domain.csproj", "{A0A0D909-07CA-4AB0-AE96-8B7B8E597597}"
EndProject
Project("{FAE04EC0-301F-11D3-BF4B-00C04F79EFBC}") = "Ecommerce.Application", "Ecommerce.Application\Ecommerce.Application.csproj", "{C3ECBE45-9E3A-471D-BB56-A8CCD1545C8B}"
EndProject
Project("{FAE04EC0-301F-11D3-BF4B-00C04F79EFBC}") = "Ecommerce.Fakers", "Ecommerce.Fakers\Ecommerce.Fakers.csproj", "{16626911-B732-4E9B-B0CC-AE6E9BE30065}"
	ProjectSection(ProjectDependencies) = postProject
		{A0A0D909-07CA-4AB0-AE96-8B7B8E597597} = {A0A0D909-07CA-4AB0-AE96-8B7B8E597597}
	EndProjectSection
EndProject
Project("{FAE04EC0-301F-11D3-BF4B-00C04F79EFBC}") = "Ecommerce.Tests.Unit", "Ecommerce.Tests.Unit\Ecommerce.Tests.Unit.csproj", "{A0CDB707-665A-817A-6578-BE36D6838B32}"
	ProjectSection(ProjectDependencies) = postProject
		{16626911-B732-4E9B-B0CC-AE6E9BE30065} = {16626911-B732-4E9B-B0CC-AE6E9BE30065}
		{A0A0D909-07CA-4AB0-AE96-8B7B8E597597} = {A0A0D909-07CA-4AB0-AE96-8B7B8E597597}
	EndProjectSection
EndProject
Global
	GlobalSection(SolutionConfigurationPlatforms) = preSolution
		Debug|Any CPU = Debug|Any CPU
		Release|Any CPU = Release|Any CPU
	EndGlobalSection
	GlobalSection(ProjectConfigurationPlatforms) = postSolution
		{8F0BF9CE-7586-4449-87FD-F8D09446F74E}.Debug|Any CPU.ActiveCfg = Debug|Any CPU
		{8F0BF9CE-7586-4449-87FD-F8D09446F74E}.Debug|Any CPU.Build.0 = Debug|Any CPU
		{8F0BF9CE-7586-4449-87FD-F8D09446F74E}.Release|Any CPU.ActiveCfg = Release|Any CPU
		{8F0BF9CE-7586-4449-87FD-F8D09446F74E}.Release|Any CPU.Build.0 = Release|Any CPU
		{51F2B71A-FCDD-4183-BF9E-53BE0E992ABA}.Debug|Any CPU.ActiveCfg = Debug|Any CPU
		{51F2B71A-FCDD-4183-BF9E-53BE0E992ABA}.Debug|Any CPU.Build.0 = Debug|Any CPU
		{51F2B71A-FCDD-4183-BF9E-53BE0E992ABA}.Release|Any CPU.ActiveCfg = Release|Any CPU
		{51F2B71A-FCDD-4183-BF9E-53BE0E992ABA}.Release|Any CPU.Build.0 = Release|Any CPU
		{A0A0D909-07CA-4AB0-AE96-8B7B8E597597}.Debug|Any CPU.ActiveCfg = Debug|Any CPU
		{A0A0D909-07CA-4AB0-AE96-8B7B8E597597}.Debug|Any CPU.Build.0 = Debug|Any CPU
		{A0A0D909-07CA-4AB0-AE96-8B7B8E597597}.Release|Any CPU.ActiveCfg = Release|Any CPU
		{A0A0D909-07CA-4AB0-AE96-8B7B8E597597}.Release|Any CPU.Build.0 = Release|Any CPU
		{C3ECBE45-9E3A-471D-BB56-A8CCD1545C8B}.Debug|Any CPU.ActiveCfg = Debug|Any CPU
		{C3ECBE45-9E3A-471D-BB56-A8CCD1545C8B}.Debug|Any CPU.Build.0 = Debug|Any CPU
		{C3ECBE45-9E3A-471D-BB56-A8CCD1545C8B}.Release|Any CPU.ActiveCfg = Release|Any CPU
		{C3ECBE45-9E3A-471D-BB56-A8CCD1545C8B}.Release|Any CPU.Build.0 = Release|Any CPU
		{16626911-B732-4E9B-B0CC-AE6E9BE30065}.Debug|Any CPU.ActiveCfg = Debug|Any CPU
		{16626911-B732-4E9B-B0CC-AE6E9BE30065}.Debug|Any CPU.Build.0 = Debug|Any CPU
		{16626911-B732-4E9B-B0CC-AE6E9BE30065}.Release|Any CPU.ActiveCfg = Release|Any CPU
		{16626911-B732-4E9B-B0CC-AE6E9BE30065}.Release|Any CPU.Build.0 = Release|Any CPU
		{A0CDB707-665A-817A-6578-BE36D6838B32}.Debug|Any CPU.ActiveCfg = Debug|Any CPU
		{A0CDB707-665A-817A-6578-BE36D6838B32}.Debug|Any CPU.Build.0 = Debug|Any CPU
		{A0CDB707-665A-817A-6578-BE36D6838B32}.Release|Any CPU.ActiveCfg = Release|Any CPU
		{A0CDB707-665A-817A-6578-BE36D6838B32}.Release|Any CPU.Build.0 = Release|Any CPU
	EndGlobalSection
	GlobalSection(SolutionProperties) = preSolution
		HideSolutionNode = FALSE
	EndGlobalSection
	GlobalSection(ExtensibilityGlobals) = postSolution
		SolutionGuid = {2CD3E870-491F-452B-A128-C4EAC5755A3A}
	EndGlobalSection
EndGlobal
